
Microsoft Visual Studio Solution File, Format Version 12.00
# Visual Studio Version 17
VisualStudioVersion = 17.7.34031.279
MinimumVisualStudioVersion = 10.0.40219.1
Project("{FAE04EC0-301F-11D3-BF4B-00C04F79EFBC}") = "Tregnago_Hugo_Tp1", "Tregnago_Hugo_Tp1.csproj", "{E422A077-D5C2-49B5-9E31-C3F27E80759F}"
EndProject
Global
	GlobalSection(SolutionConfigurationPlatforms) = preSolution
		Debug|Any CPU = Debug|Any CPU
		Release|Any CPU = Release|Any CPU
	EndGlobalSection
	GlobalSection(ProjectConfigurationPlatforms) = postSolution
		{E422A077-D5C2-49B5-9E31-C3F27E80759F}.Debug|Any CPU.ActiveCfg = Debug|Any CPU
		{E422A077-D5C2-49B5-9E31-C3F27E80759F}.Debug|Any CPU.Build.0 = Debug|Any CPU
		{E422A077-D5C2-49B5-9E31-C3F27E80759F}.Release|Any CPU.ActiveCfg = Release|Any CPU
		{E422A077-D5C2-49B5-9E31-C3F27E80759F}.Release|Any CPU.Build.0 = Release|Any CPU
	EndGlobalSection
	GlobalSection(SolutionProperties) = preSolution
		HideSolutionNode = FALSE
	EndGlobalSection
	GlobalSection(ExtensibilityGlobals) = postSolution
		SolutionGuid = {74F6BFC4-7EAC-463D-8E7C-7058F6367C62}
	EndGlobalSection
EndGlobal
